
Microsoft Visual Studio Solution File, Format Version 12.00
# Visual Studio Version 16
VisualStudioVersion = 16.0.30517.126
MinimumVisualStudioVersion = 15.0.26124.0
Project("{9A19103F-16F7-4668-BE54-9A1E7A4F7556}") = "MaiorDeIdade", "MaiorDeIdade\MaiorDeIdade.csproj", "{A292C296-80D4-4F46-979A-210E7F51E60F}"
EndProject
Project("{9A19103F-16F7-4668-BE54-9A1E7A4F7556}") = "MaiorDeIdade.Tests", "MaiorDeIdade.Tests\MaiorDeIdade.Tests.csproj", "{6C35C5D1-4A8E-4049-95C9-E9FDC7ADF99B}"
EndProject
Global
	GlobalSection(SolutionConfigurationPlatforms) = preSolution
		Debug|Any CPU = Debug|Any CPU
		Debug|x64 = Debug|x64
		Debug|x86 = Debug|x86
		Release|Any CPU = Release|Any CPU
		Release|x64 = Release|x64
		Release|x86 = Release|x86
	EndGlobalSection
	GlobalSection(ProjectConfigurationPlatforms) = postSolution
		{A292C296-80D4-4F46-979A-210E7F51E60F}.Debug|Any CPU.ActiveCfg = Debug|Any CPU
		{A292C296-80D4-4F46-979A-210E7F51E60F}.Debug|Any CPU.Build.0 = Debug|Any CPU
		{A292C296-80D4-4F46-979A-210E7F51E60F}.Debug|x64.ActiveCfg = Debug|Any CPU
		{A292C296-80D4-4F46-979A-210E7F51E60F}.Debug|x64.Build.0 = Debug|Any CPU
		{A292C296-80D4-4F46-979A-210E7F51E60F}.Debug|x86.ActiveCfg = Debug|Any CPU
		{A292C296-80D4-4F46-979A-210E7F51E60F}.Debug|x86.Build.0 = Debug|Any CPU
		{A292C296-80D4-4F46-979A-210E7F51E60F}.Release|Any CPU.ActiveCfg = Release|Any CPU
		{A292C296-80D4-4F46-979A-210E7F51E60F}.Release|Any CPU.Build.0 = Release|Any CPU
		{A292C296-80D4-4F46-979A-210E7F51E60F}.Release|x64.ActiveCfg = Release|Any CPU
		{A292C296-80D4-4F46-979A-210E7F51E60F}.Release|x64.Build.0 = Release|Any CPU
		{A292C296-80D4-4F46-979A-210E7F51E60F}.Release|x86.ActiveCfg = Release|Any CPU
		{A292C296-80D4-4F46-979A-210E7F51E60F}.Release|x86.Build.0 = Release|Any CPU
		{6C35C5D1-4A8E-4049-95C9-E9FDC7ADF99B}.Debug|Any CPU.ActiveCfg = Debug|Any CPU
		{6C35C5D1-4A8E-4049-95C9-E9FDC7ADF99B}.Debug|Any CPU.Build.0 = Debug|Any CPU
		{6C35C5D1-4A8E-4049-95C9-E9FDC7ADF99B}.Debug|x64.ActiveCfg = Debug|Any CPU
		{6C35C5D1-4A8E-4049-95C9-E9FDC7ADF99B}.Debug|x64.Build.0 = Debug|Any CPU
		{6C35C5D1-4A8E-4049-95C9-E9FDC7ADF99B}.Debug|x86.ActiveCfg = Debug|Any CPU
		{6C35C5D1-4A8E-4049-95C9-E9FDC7ADF99B}.Debug|x86.Build.0 = Debug|Any CPU
		{6C35C5D1-4A8E-4049-95C9-E9FDC7ADF99B}.Release|Any CPU.ActiveCfg = Release|Any CPU
		{6C35C5D1-4A8E-4049-95C9-E9FDC7ADF99B}.Release|Any CPU.Build.0 = Release|Any CPU
		{6C35C5D1-4A8E-4049-95C9-E9FDC7ADF99B}.Release|x64.ActiveCfg = Release|Any CPU
		{6C35C5D1-4A8E-4049-95C9-E9FDC7ADF99B}.Release|x64.Build.0 = Release|Any CPU
		{6C35C5D1-4A8E-4049-95C9-E9FDC7ADF99B}.Release|x86.ActiveCfg = Release|Any CPU
		{6C35C5D1-4A8E-4049-95C9-E9FDC7ADF99B}.Release|x86.Build.0 = Release|Any CPU
	EndGlobalSection
	GlobalSection(SolutionProperties) = preSolution
		HideSolutionNode = FALSE
	EndGlobalSection
	GlobalSection(ExtensibilityGlobals) = postSolution
		SolutionGuid = {81632250-1110-4327-9A91-65AA55A7EC95}
	EndGlobalSection
EndGlobal
